{
  "name": "security-atlas-monorepo",
  "version": "0.0.0",
  "lockfileVersion": 3,
  "requires": true,
  "packages": {
    "": {
      "name": "security-atlas-monorepo",
      "version": "0.0.0",
      "workspaces": [
        "web",
        "sdk/typescript"
      ],
      "engines": {
        "node": ">=20"
      }
    },
    "node_modules/@security-atlas/sdk": {
      "resolved": "sdk/typescript",
      "link": true
    },
    "node_modules/@security-atlas/web": {
      "resolved": "web",
      "link": true
    },
    "sdk/typescript": {
      "name": "@security-atlas/sdk",
      "version": "0.0.0",
      "engines": {
        "node": ">=20"
      }
    },
    "web": {
      "name": "@security-atlas/web",
      "version": "0.0.0",
      "engines": {
        "node": ">=20"
      }
    }
  }
}
